
Microsoft Visual Studio Solution File, Format Version 12.00
# Visual Studio 14
VisualStudioVersion = 14.0.23107.0
MinimumVisualStudioVersion = 10.0.40219.1
Project("{FAE04EC0-301F-11D3-BF4B-00C04F79EFBC}") = "WordAddIn1", "WordAddIn1\WordAddIn1.csproj", "{9776921B-E651-4939-A89C-F39441677848}"
EndProject
Project("{FAE04EC0-301F-11D3-BF4B-00C04F79EFBC}") = "ClientCustomization", "ClientCustomization\ClientCustomization.csproj", "{2AA7F2DE-9CA0-418E-B4E0-357EBB57F125}"
EndProject
Project("{FAE04EC0-301F-11D3-BF4B-00C04F79EFBC}") = "ClientCustomization.Interfaces", "ClientCustomization.Interfaces\ClientCustomization.Interfaces.csproj", "{81157071-152E-4393-8A48-962E8D7ECB0D}"
EndProject
Global
	GlobalSection(SolutionConfigurationPlatforms) = preSolution
		Debug|Any CPU = Debug|Any CPU
		Release|Any CPU = Release|Any CPU
	EndGlobalSection
	GlobalSection(ProjectConfigurationPlatforms) = postSolution
		{9776921B-E651-4939-A89C-F39441677848}.Debug|Any CPU.ActiveCfg = Debug|Any CPU
		{9776921B-E651-4939-A89C-F39441677848}.Debug|Any CPU.Build.0 = Debug|Any CPU
		{9776921B-E651-4939-A89C-F39441677848}.Release|Any CPU.ActiveCfg = Release|Any CPU
		{9776921B-E651-4939-A89C-F39441677848}.Release|Any CPU.Build.0 = Release|Any CPU
		{2AA7F2DE-9CA0-418E-B4E0-357EBB57F125}.Debug|Any CPU.ActiveCfg = Debug|Any CPU
		{2AA7F2DE-9CA0-418E-B4E0-357EBB57F125}.Debug|Any CPU.Build.0 = Debug|Any CPU
		{2AA7F2DE-9CA0-418E-B4E0-357EBB57F125}.Release|Any CPU.ActiveCfg = Release|Any CPU
		{2AA7F2DE-9CA0-418E-B4E0-357EBB57F125}.Release|Any CPU.Build.0 = Release|Any CPU
		{81157071-152E-4393-8A48-962E8D7ECB0D}.Debug|Any CPU.ActiveCfg = Debug|Any CPU
		{81157071-152E-4393-8A48-962E8D7ECB0D}.Debug|Any CPU.Build.0 = Debug|Any CPU
		{81157071-152E-4393-8A48-962E8D7ECB0D}.Release|Any CPU.ActiveCfg = Release|Any CPU
		{81157071-152E-4393-8A48-962E8D7ECB0D}.Release|Any CPU.Build.0 = Release|Any CPU
	EndGlobalSection
	GlobalSection(SolutionProperties) = preSolution
		HideSolutionNode = FALSE
	EndGlobalSection
EndGlobal
